
Microsoft Visual Studio Solution File, Format Version 12.00
# Visual Studio Version 16
VisualStudioVersion = 16.0.30320.27
MinimumVisualStudioVersion = 10.0.40219.1
Project("{8BC9CEB8-8B4A-11D0-8D11-00A0C91BC942}") = "win32-darkmode", "win32-darkmode\win32-darkmode.vcxproj", "{B8D6AC42-7366-4540-9C54-2654575FE3A2}"
EndProject
Project("{8BC9CEB8-8B4A-11D0-8D11-00A0C91BC942}") = "uxtheme-stub", "uxtheme-stub\uxtheme-stub.vcxproj", "{0873B090-7FFD-4ABD-9B42-619A06C5041F}"
EndProject
Global
	GlobalSection(SolutionConfigurationPlatforms) = preSolution
		Debug|ARM = Debug|ARM
		Debug|ARM64 = Debug|ARM64
		Debug|x64 = Debug|x64
		Debug|x86 = Debug|x86
		Release|ARM = Release|ARM
		Release|ARM64 = Release|ARM64
		Release|x64 = Release|x64
		Release|x86 = Release|x86
	EndGlobalSection
	GlobalSection(ProjectConfigurationPlatforms) = postSolution
		{B8D6AC42-7366-4540-9C54-2654575FE3A2}.Debug|ARM.ActiveCfg = Debug|ARM
		{B8D6AC42-7366-4540-9C54-2654575FE3A2}.Debug|ARM.Build.0 = Debug|ARM
		{B8D6AC42-7366-4540-9C54-2654575FE3A2}.Debug|ARM64.ActiveCfg = Debug|ARM64
		{B8D6AC42-7366-4540-9C54-2654575FE3A2}.Debug|ARM64.Build.0 = Debug|ARM64
		{B8D6AC42-7366-4540-9C54-2654575FE3A2}.Debug|x64.ActiveCfg = Debug|x64
		{B8D6AC42-7366-4540-9C54-2654575FE3A2}.Debug|x64.Build.0 = Debug|x64
		{B8D6AC42-7366-4540-9C54-2654575FE3A2}.Debug|x86.ActiveCfg = Debug|Win32
		{B8D6AC42-7366-4540-9C54-2654575FE3A2}.Debug|x86.Build.0 = Debug|Win32
		{B8D6AC42-7366-4540-9C54-2654575FE3A2}.Release|ARM.ActiveCfg = Release|ARM
		{B8D6AC42-7366-4540-9C54-2654575FE3A2}.Release|ARM.Build.0 = Release|ARM
		{B8D6AC42-7366-4540-9C54-2654575FE3A2}.Release|ARM64.ActiveCfg = Release|ARM64
		{B8D6AC42-7366-4540-9C54-2654575FE3A2}.Release|ARM64.Build.0 = Release|ARM64
		{B8D6AC42-7366-4540-9C54-2654575FE3A2}.Release|x64.ActiveCfg = Release|x64
		{B8D6AC42-7366-4540-9C54-2654575FE3A2}.Release|x64.Build.0 = Release|x64
		{B8D6AC42-7366-4540-9C54-2654575FE3A2}.Release|x86.ActiveCfg = Release|Win32
		{B8D6AC42-7366-4540-9C54-2654575FE3A2}.Release|x86.Build.0 = Release|Win32
		{0873B090-7FFD-4ABD-9B42-619A06C5041F}.Debug|ARM.ActiveCfg = Debug|ARM
		{0873B090-7FFD-4ABD-9B42-619A06C5041F}.Debug|ARM.Build.0 = Debug|ARM
		{0873B090-7FFD-4ABD-9B42-619A06C5041F}.Debug|ARM64.ActiveCfg = Debug|ARM64
		{0873B090-7FFD-4ABD-9B42-619A06C5041F}.Debug|ARM64.Build.0 = Debug|ARM64
		{0873B090-7FFD-4ABD-9B42-619A06C5041F}.Debug|x64.ActiveCfg = Debug|x64
		{0873B090-7FFD-4ABD-9B42-619A06C5041F}.Debug|x64.Build.0 = Debug|x64
		{0873B090-7FFD-4ABD-9B42-619A06C5041F}.Debug|x86.ActiveCfg = Debug|Win32
		{0873B090-7FFD-4ABD-9B42-619A06C5041F}.Debug|x86.Build.0 = Debug|Win32
		{0873B090-7FFD-4ABD-9B42-619A06C5041F}.Release|ARM.ActiveCfg = Release|ARM
		{0873B090-7FFD-4ABD-9B42-619A06C5041F}.Release|ARM.Build.0 = Release|ARM
		{0873B090-7FFD-4ABD-9B42-619A06C5041F}.Release|ARM64.ActiveCfg = Release|ARM64
		{0873B090-7FFD-4ABD-9B42-619A06C5041F}.Release|ARM64.Build.0 = Release|ARM64
		{0873B090-7FFD-4ABD-9B42-619A06C5041F}.Release|x64.ActiveCfg = Release|x64
		{0873B090-7FFD-4ABD-9B42-619A06C5041F}.Release|x64.Build.0 = Release|x64
		{0873B090-7FFD-4ABD-9B42-619A06C5041F}.Release|x86.ActiveCfg = Release|Win32
		{0873B090-7FFD-4ABD-9B42-619A06C5041F}.Release|x86.Build.0 = Release|Win32
	EndGlobalSection
	GlobalSection(SolutionProperties) = preSolution
		HideSolutionNode = FALSE
	EndGlobalSection
	GlobalSection(ExtensibilityGlobals) = postSolution
		SolutionGuid = {2E10BC37-2590-4885-AA41-8F62B3992D16}
	EndGlobalSection
EndGlobal
